
Microsoft Visual Studio Solution File, Format Version 12.00
# Visual Studio Version 17
VisualStudioVersion = 17.0.32126.317
MinimumVisualStudioVersion = 10.0.40219.1
Project("{FAE04EC0-301F-11D3-BF4B-00C04F79EFBC}") = "Summer2022-LoopsAndSwitch", "Summer2022-LoopsAndSwitch.csproj", "{04F60B08-1981-4EC1-8E63-04C43F4FFFB4}"
EndProject
Global
	GlobalSection(SolutionConfigurationPlatforms) = preSolution
		Debug|Any CPU = Debug|Any CPU
		Release|Any CPU = Release|Any CPU
	EndGlobalSection
	GlobalSection(ProjectConfigurationPlatforms) = postSolution
		{04F60B08-1981-4EC1-8E63-04C43F4FFFB4}.Debug|Any CPU.ActiveCfg = Debug|Any CPU
		{04F60B08-1981-4EC1-8E63-04C43F4FFFB4}.Debug|Any CPU.Build.0 = Debug|Any CPU
		{04F60B08-1981-4EC1-8E63-04C43F4FFFB4}.Release|Any CPU.ActiveCfg = Release|Any CPU
		{04F60B08-1981-4EC1-8E63-04C43F4FFFB4}.Release|Any CPU.Build.0 = Release|Any CPU
	EndGlobalSection
	GlobalSection(SolutionProperties) = preSolution
		HideSolutionNode = FALSE
	EndGlobalSection
	GlobalSection(ExtensibilityGlobals) = postSolution
		SolutionGuid = {86AFBDA2-2731-4F86-97A6-F8B56FC49863}
	EndGlobalSection
EndGlobal
